<?xml version="1.0" encoding="utf-8"?>
<Project ToolsVersion="4.0" xmlns="http://schemas.microsoft.com/developer/msbuild/2003">
  <ItemGroup>
    <ClCompile Include="C:\Interests\Development\C++\SFML\src\SFML\System\Clock.cpp">
      <Filter>Source Files</Filter>
    </ClCompile>
    <ClCompile Include="C:\Interests\Development\C++\SFML\src\SFML\System\Err.cpp">
      <Filter>Source Files</Filter>
    </ClCompile>
    <ClCompile Include="C:\Interests\Development\C++\SFML\src\SFML\System\Lock.cpp">
      <Filter>Source Files</Filter>
    </ClCompile>
    <ClCompile Include="C:\Interests\Development\C++\SFML\src\SFML\System\Mutex.cpp">
      <Filter>Source Files</Filter>
    </ClCompile>
    <ClCompile Include="C:\Interests\Development\C++\SFML\src\SFML\System\Sleep.cpp">
      <Filter>Source Files</Filter>
    </ClCompile>
    <ClCompile Include="C:\Interests\Development\C++\SFML\src\SFML\System\String.cpp">
      <Filter>Source Files</Filter>
    </ClCompile>
    <ClCompile Include="C:\Interests\Development\C++\SFML\src\SFML\System\Thread.cpp">
      <Filter>Source Files</Filter>
    </ClCompile>
    <ClCompile Include="C:\Interests\Development\C++\SFML\src\SFML\System\ThreadLocal.cpp">
      <Filter>Source Files</Filter>
    </ClCompile>
    <ClCompile Include="C:\Interests\Development\C++\SFML\src\SFML\System\Time.cpp">
      <Filter>Source Files</Filter>
    </ClCompile>
    <ClCompile Include="C:\Interests\Development\C++\SFML\src\SFML\System\Win32\ClockImpl.cpp">
      <Filter>Source Files</Filter>
    </ClCompile>
    <ClCompile Include="C:\Interests\Development\C++\SFML\src\SFML\System\Win32\MutexImpl.cpp">
      <Filter>Source Files</Filter>
    </ClCompile>
    <ClCompile Include="C:\Interests\Development\C++\SFML\src\SFML\System\Win32\SleepImpl.cpp">
      <Filter>Source Files</Filter>
    </ClCompile>
    <ClCompile Include="C:\Interests\Development\C++\SFML\src\SFML\System\Win32\ThreadImpl.cpp">
      <Filter>Source Files</Filter>
    </ClCompile>
    <ClCompile Include="C:\Interests\Development\C++\SFML\src\SFML\System\Win32\ThreadLocalImpl.cpp">
      <Filter>Source Files</Filter>
    </ClCompile>
  </ItemGroup>
  <ItemGroup>
    <ClInclude Include="C:\Interests\Development\C++\SFML\include\SFML\System\Clock.hpp">
      <Filter>Header Files</Filter>
    </ClInclude>
    <ClInclude Include="C:\Interests\Development\C++\SFML\include\SFML\System\Err.hpp">
      <Filter>Header Files</Filter>
    </ClInclude>
    <ClInclude Include="C:\Interests\Development\C++\SFML\include\SFML\System\Export.hpp">
      <Filter>Header Files</Filter>
    </ClInclude>
    <ClInclude Include="C:\Interests\Development\C++\SFML\include\SFML\System\Lock.hpp">
      <Filter>Header Files</Filter>
    </ClInclude>
    <ClInclude Include="C:\Interests\Development\C++\SFML\include\SFML\System\Mutex.hpp">
      <Filter>Header Files</Filter>
    </ClInclude>
    <ClInclude Include="C:\Interests\Development\C++\SFML\include\SFML\System\NonCopyable.hpp">
      <Filter>Header Files</Filter>
    </ClInclude>
    <ClInclude Include="C:\Interests\Development\C++\SFML\include\SFML\System\Sleep.hpp">
      <Filter>Header Files</Filter>
    </ClInclude>
    <ClInclude Include="C:\Interests\Development\C++\SFML\include\SFML\System\String.hpp">
      <Filter>Header Files</Filter>
    </ClInclude>
    <ClInclude Include="C:\Interests\Development\C++\SFML\include\SFML\System\Thread.hpp">
      <Filter>Header Files</Filter>
    </ClInclude>
    <ClInclude Include="C:\Interests\Development\C++\SFML\include\SFML\System\Thread.inl">
      <Filter>Header Files</Filter>
    </ClInclude>
    <ClInclude Include="C:\Interests\Development\C++\SFML\include\SFML\System\ThreadLocal.hpp">
      <Filter>Header Files</Filter>
    </ClInclude>
    <ClInclude Include="C:\Interests\Development\C++\SFML\include\SFML\System\ThreadLocalPtr.hpp">
      <Filter>Header Files</Filter>
    </ClInclude>
    <ClInclude Include="C:\Interests\Development\C++\SFML\include\SFML\System\ThreadLocalPtr.inl">
      <Filter>Header Files</Filter>
    </ClInclude>
    <ClInclude Include="C:\Interests\Development\C++\SFML\include\SFML\System\Time.hpp">
      <Filter>Header Files</Filter>
    </ClInclude>
    <ClInclude Include="C:\Interests\Development\C++\SFML\include\SFML\System\Utf.hpp">
      <Filter>Header Files</Filter>
    </ClInclude>
    <ClInclude Include="C:\Interests\Development\C++\SFML\include\SFML\System\Utf.inl">
      <Filter>Header Files</Filter>
    </ClInclude>
    <ClInclude Include="C:\Interests\Development\C++\SFML\include\SFML\System\Vector2.hpp">
      <Filter>Header Files</Filter>
    </ClInclude>
    <ClInclude Include="C:\Interests\Development\C++\SFML\include\SFML\System\Vector2.inl">
      <Filter>Header Files</Filter>
    </ClInclude>
    <ClInclude Include="C:\Interests\Development\C++\SFML\include\SFML\System\Vector3.hpp">
      <Filter>Header Files</Filter>
    </ClInclude>
    <ClInclude Include="C:\Interests\Development\C++\SFML\include\SFML\System\Vector3.inl">
      <Filter>Header Files</Filter>
    </ClInclude>
    <ClInclude Include="C:\Interests\Development\C++\SFML\src\SFML\System\Win32\ClockImpl.hpp">
      <Filter>Header Files</Filter>
    </ClInclude>
    <ClInclude Include="C:\Interests\Development\C++\SFML\src\SFML\System\Win32\MutexImpl.hpp">
      <Filter>Header Files</Filter>
    </ClInclude>
    <ClInclude Include="C:\Interests\Development\C++\SFML\src\SFML\System\Win32\SleepImpl.hpp">
      <Filter>Header Files</Filter>
    </ClInclude>
    <ClInclude Include="C:\Interests\Development\C++\SFML\src\SFML\System\Win32\ThreadImpl.hpp">
      <Filter>Header Files</Filter>
    </ClInclude>
    <ClInclude Include="C:\Interests\Development\C++\SFML\src\SFML\System\Win32\ThreadLocalImpl.hpp">
      <Filter>Header Files</Filter>
    </ClInclude>
  </ItemGroup>
  <ItemGroup>
  </ItemGroup>
  <ItemGroup>
  </ItemGroup>
  <ItemGroup>
    <CustomBuild Include="..\..\..\..\SFML\src\SFML\System\CMakeLists.txt" />
  </ItemGroup>
  <ItemGroup>
    <Filter Include="Source Files">
      <UniqueIdentifier>{08664CE9-5246-4448-93AD-0761AF82CB12}</UniqueIdentifier>
    </Filter>
    <Filter Include="Header Files">
      <UniqueIdentifier>{34756C79-0924-4C83-B994-BE53800D546D}</UniqueIdentifier>
    </Filter>
  </ItemGroup>
  <ItemGroup>
  </ItemGroup>
</Project>
